
Microsoft Visual Studio Solution File, Format Version 12.00
# Visual Studio 2012
Project("{FAE04EC0-301F-11D3-BF4B-00C04F79EFBC}") = "WindowsFormsApplication2", "WindowsFormsApplication2\WindowsFormsApplication2.csproj", "{55A4A2F1-FF2B-46B4-8D20-E0DDE0D7C843}"
EndProject
Global
	GlobalSection(SolutionConfigurationPlatforms) = preSolution
		Debug|Any CPU = Debug|Any CPU
		Release|Any CPU = Release|Any CPU
	EndGlobalSection
	GlobalSection(ProjectConfigurationPlatforms) = postSolution
		{55A4A2F1-FF2B-46B4-8D20-E0DDE0D7C843}.Debug|Any CPU.ActiveCfg = Debug|Any CPU
		{55A4A2F1-FF2B-46B4-8D20-E0DDE0D7C843}.Debug|Any CPU.Build.0 = Debug|Any CPU
		{55A4A2F1-FF2B-46B4-8D20-E0DDE0D7C843}.Release|Any CPU.ActiveCfg = Release|Any CPU
		{55A4A2F1-FF2B-46B4-8D20-E0DDE0D7C843}.Release|Any CPU.Build.0 = Release|Any CPU
	EndGlobalSection
	GlobalSection(SolutionProperties) = preSolution
		HideSolutionNode = FALSE
	EndGlobalSection
EndGlobal
